{
  "name": "node-webkit-markdown",
  "dependencies": {
    "bootstrap": {
      "version": "3.3.0",
      "from": "bootstrap@*",
      "resolved": "https://registry.npmjs.org/bootstrap/-/bootstrap-3.3.0.tgz"
    },
    "escape-html": {
      "version": "1.0.1",
      "from": "escape-html@>=1.0.1 <1.1.0",
      "resolved": "https://registry.npmjs.org/escape-html/-/escape-html-1.0.1.tgz"
    },
    "highlight.js": {
      "version": "8.3.0",
      "from": "highlight.js@>=8.3.0 <9.0.0",
      "resolved": "https://registry.npmjs.org/highlight.js/-/highlight.js-8.3.0.tgz"
    },
    "jquery": {
      "version": "2.1.1",
      "from": "jquery@*"
    },
    "marked": {
      "version": "0.2.9",
      "from": "git://github.com/spicyj/marked-react",
      "resolved": "git://github.com/spicyj/marked-react#8c08c471935bde74e98b621e5641d894b249602e"
    },
    "react": {
      "version": "0.12.2",
      "from": "react@*",
      "resolved": "https://registry.npmjs.org/react/-/react-0.12.2.tgz",
      "dependencies": {
        "envify": {
          "version": "3.2.0",
          "from": "envify@>=3.0.0 <4.0.0",
          "resolved": "https://registry.npmjs.org/envify/-/envify-3.2.0.tgz",
          "dependencies": {
            "through": {
              "version": "2.3.6",
              "from": "through@>=2.3.4 <2.4.0"
            },
            "jstransform": {
              "version": "7.0.0",
              "from": "jstransform@>=7.0.0 <8.0.0",
              "resolved": "https://registry.npmjs.org/jstransform/-/jstransform-7.0.0.tgz",
              "dependencies": {
                "base62": {
                  "version": "0.1.1",
                  "from": "base62@0.1.1",
                  "resolved": "https://registry.npmjs.org/base62/-/base62-0.1.1.tgz"
                },
                "esprima-fb": {
                  "version": "7001.1.0-dev-harmony-fb",
                  "from": "esprima-fb@>=7001.1.0-dev-harmony-fb <7001.2.0",
                  "resolved": "https://registry.npmjs.org/esprima-fb/-/esprima-fb-7001.1.0-dev-harmony-fb.tgz"
                },
                "source-map": {
                  "version": "0.1.31",
                  "from": "source-map@0.1.31",
                  "resolved": "https://registry.npmjs.org/source-map/-/source-map-0.1.31.tgz",
                  "dependencies": {
                    "amdefine": {
                      "version": "0.1.0",
                      "from": "amdefine@>=0.0.4"
                    }
                  }
                }
              }
            }
          }
        }
      }
    },
    "watchr": {
      "version": "2.4.11",
      "from": "watchr@*",
      "dependencies": {
        "bal-util": {
          "version": "2.4.1",
          "from": "bal-util@>=2.4.1 <2.5.0"
        },
        "typechecker": {
          "version": "2.0.8",
          "from": "typechecker@>=2.0.8 <2.1.0"
        },
        "extendr": {
          "version": "2.1.0",
          "from": "extendr@>=2.1.0 <2.2.0"
        },
        "eachr": {
          "version": "2.0.2",
          "from": "eachr@>=2.0.2 <2.1.0"
        },
        "safefs": {
          "version": "3.1.1",
          "from": "safefs@>=3.1.1 <3.2.0",
          "dependencies": {
            "graceful-fs": {
              "version": "2.0.3",
              "from": "graceful-fs@>=2.0.1 <2.1.0"
            }
          }
        },
        "taskgroup": {
          "version": "3.3.9",
          "from": "taskgroup@>=3.3.8 <3.4.0",
          "dependencies": {
            "extendonclass": {
              "version": "1.0.1",
              "from": "extendonclass@>=1.0.0 <1.1.0"
            }
          }
        },
        "ignorefs": {
          "version": "1.0.0",
          "from": "ignorefs@>=1.0.0 <1.1.0",
          "dependencies": {
            "ignorepatterns": {
              "version": "1.0.1",
              "from": "ignorepatterns@>=1.0.0 <1.1.0"
            }
          }
        },
        "extract-opts": {
          "version": "2.2.0",
          "from": "extract-opts@>=2.2.0 <2.3.0"
        },
        "ambi": {
          "version": "2.1.6",
          "from": "ambi@2.1.6"
        }
      }
    }
  }
}
